
Microsoft Visual Studio Solution File, Format Version 12.00
# Visual Studio Version 17
VisualStudioVersion = 17.14.36811.4
MinimumVisualStudioVersion = 10.0.40219.1
Project("{2150E333-8FDC-42A3-9474-1A3956D46DE8}") = "02. Core", "02. Core", "{03A6EEB5-10D2-1CFD-26D6-60D98C6C0462}"
EndProject
Project("{FAE04EC0-301F-11D3-BF4B-00C04F79EFBC}") = "Scheduling.Domain", "Core\Scheduling\Scheduling.Domain\Scheduling.Domain.csproj", "{78DC4CAF-D583-4718-BAA4-5A473F16CB6A}"
EndProject
Project("{FAE04EC0-301F-11D3-BF4B-00C04F79EFBC}") = "Scheduling.Application", "Core\Scheduling\Scheduling.Application\Scheduling.Application.csproj", "{08DC1384-D50C-4401-A047-B218EC50D37F}"
EndProject
Project("{FAE04EC0-301F-11D3-BF4B-00C04F79EFBC}") = "Scheduling.Infrastructure", "Core\Scheduling\Scheduling.Infrastructure\Scheduling.Infrastructure.csproj", "{03BF8933-9227-4E25-93F7-EFCF61D40F2A}"
EndProject
Project("{FAE04EC0-301F-11D3-BF4B-00C04F79EFBC}") = "Scheduling.Tests", "Core\Scheduling\Scheduling.Domain.Tests\Scheduling.Tests.csproj", "{2454703A-6215-4702-B7DC-D2C009070716}"
EndProject
Project("{2150E333-8FDC-42A3-9474-1A3956D46DE8}") = "00. Docs", "00. Docs", "{68ECA03B-0FF4-4C25-A648-C83FCB98C045}"
	ProjectSection(SolutionItems) = preProject
		docs\PROGRESS.md = docs\PROGRESS.md
		docs\README.md = docs\README.md
	EndProjectSection
EndProject
Project("{2150E333-8FDC-42A3-9474-1A3956D46DE8}") = "phase-1-ddd-fundamentals", "phase-1-ddd-fundamentals", "{DB9E21D1-9119-45F7-91DC-A5B086CEC66B}"
	ProjectSection(SolutionItems) = preProject
		docs\phase-1-ddd-fundamentals\01-why-ddd.md = docs\phase-1-ddd-fundamentals\01-why-ddd.md
		docs\phase-1-ddd-fundamentals\02-clean-architecture.md = docs\phase-1-ddd-fundamentals\02-clean-architecture.md
		docs\phase-1-ddd-fundamentals\03-building-patient-aggregate.md = docs\phase-1-ddd-fundamentals\03-building-patient-aggregate.md
		docs\phase-1-ddd-fundamentals\04-domain-events.md = docs\phase-1-ddd-fundamentals\04-domain-events.md
		docs\phase-1-ddd-fundamentals\05-repository-pattern.md = docs\phase-1-ddd-fundamentals\05-repository-pattern.md
	EndProjectSection
EndProject
Project("{2150E333-8FDC-42A3-9474-1A3956D46DE8}") = "03. WebApplications", "03. WebApplications", "{02EA681E-C7D8-13C7-8484-4AC65E1B71E8}"
EndProject
Project("{2150E333-8FDC-42A3-9474-1A3956D46DE8}") = "Scheduling", "Scheduling", "{15F7541A-A2C7-4300-B7AF-2C819BDFD4C1}"
EndProject
Project("{2150E333-8FDC-42A3-9474-1A3956D46DE8}") = "phase-2-ef-core", "phase-2-ef-core", "{E8F73E0B-3AE9-4E9C-88BD-6C2E25A84D39}"
	ProjectSection(SolutionItems) = preProject
		docs\phase-2-ef-core\01-setup-efcore.md = docs\phase-2-ef-core\01-setup-efcore.md
		docs\phase-2-ef-core\02-repository-implementation.md = docs\phase-2-ef-core\02-repository-implementation.md
		docs\phase-2-ef-core\03-database-migrations.md = docs\phase-2-ef-core\03-database-migrations.md
		docs\phase-2-ef-core\04-domain-event-dispatching.md = docs\phase-2-ef-core\04-domain-event-dispatching.md
	EndProjectSection
EndProject
Project("{2150E333-8FDC-42A3-9474-1A3956D46DE8}") = "Claude", "Claude", "{204788EB-413F-4482-B8E1-B3D7493467D9}"
	ProjectSection(SolutionItems) = preProject
		claude.md = claude.md
	EndProjectSection
EndProject
Project("{FAE04EC0-301F-11D3-BF4B-00C04F79EFBC}") = "Scheduling.WebApi", "WebApplications\Scheduling.WebApi\Scheduling.WebApi.csproj", "{EEDD711C-854E-4353-9F0D-5E31CF2BC942}"
EndProject
Project("{2150E333-8FDC-42A3-9474-1A3956D46DE8}") = "Solution Items", "Solution Items", "{8EC462FD-D22E-90A8-E5CE-7E832BA40C5D}"
	ProjectSection(SolutionItems) = preProject
		Directory.Build.targets = Directory.Build.targets
		Directory.Packages.props = Directory.Packages.props
		docker-compose.yml = docker-compose.yml
	EndProjectSection
EndProject
Project("{2150E333-8FDC-42A3-9474-1A3956D46DE8}") = "scripts", "scripts", "{A1B2C3D4-E5F6-7890-ABCD-EF1234567890}"
	ProjectSection(SolutionItems) = preProject
		scripts\ensure-docker.ps1 = scripts\ensure-docker.ps1
	EndProjectSection
EndProject
Project("{2150E333-8FDC-42A3-9474-1A3956D46DE8}") = "01. BuildingBlocks", "01. BuildingBlocks", "{7266C4A9-E384-DC00-0EB6-47F6002CFBA7}"
	ProjectSection(SolutionItems) = preProject
		docs\PROGRESS.md = docs\PROGRESS.md
	EndProjectSection
EndProject
Project("{FAE04EC0-301F-11D3-BF4B-00C04F79EFBC}") = "BuildingBlocks.Domain", "BuildingBlocks\BuildingBlocks.Domain\BuildingBlocks.Domain.csproj", "{2EE74792-66D1-4280-B06A-19C04F36A210}"
EndProject
Project("{2150E333-8FDC-42A3-9474-1A3956D46DE8}") = "phase-3-cqrs", "phase-3-cqrs", "{45B154D6-5C08-43A0-BA04-A5D8F2F45418}"
	ProjectSection(SolutionItems) = preProject
		docs\phase-3-cqrs\01-cqrs-introduction.md = docs\phase-3-cqrs\01-cqrs-introduction.md
		docs\phase-3-cqrs\02-commands-and-handlers.md = docs\phase-3-cqrs\02-commands-and-handlers.md
		docs\phase-3-cqrs\03-queries-and-handlers.md = docs\phase-3-cqrs\03-queries-and-handlers.md
		docs\phase-3-cqrs\04-validation.md = docs\phase-3-cqrs\04-validation.md
		docs\phase-3-cqrs\05-pipeline-behaviors.md = docs\phase-3-cqrs\05-pipeline-behaviors.md
	EndProjectSection
EndProject
Project("{FAE04EC0-301F-11D3-BF4B-00C04F79EFBC}") = "BuildingBlocks.Application", "BuildingBlocks\BuildingBlocks.Application\BuildingBlocks.Application.csproj", "{C4FB2241-6BB4-48E9-9A61-BDC83931319E}"
EndProject
Project("{FAE04EC0-301F-11D3-BF4B-00C04F79EFBC}") = "BuildingBlocks.WebApplications", "BuildingBlocks\BuildingBlocks.WebApplications\BuildingBlocks.WebApplications.csproj", "{D9027A09-4193-4865-AF35-48426F7BC1B9}"
EndProject
Project("{FAE04EC0-301F-11D3-BF4B-00C04F79EFBC}") = "BuildingBlocks.Enumerations", "BuildingBlocks\BuildingBlocks.Enumerations\BuildingBlocks.Enumerations.csproj", "{670B1385-E0DC-4409-A78C-43FFB338FBE4}"
EndProject
Project("{2150E333-8FDC-42A3-9474-1A3956D46DE8}") = "phase-4-testing", "phase-4-testing", "{4D6C5961-0651-4312-97B2-732460FCAAEA}"
	ProjectSection(SolutionItems) = preProject
		docs\phase-4-testing\01-testing-overview.md = docs\phase-4-testing\01-testing-overview.md
		docs\phase-4-testing\02-test-infrastructure.md = docs\phase-4-testing\02-test-infrastructure.md
		docs\phase-4-testing\03-validator-tests.md = docs\phase-4-testing\03-validator-tests.md
		docs\phase-4-testing\04-handler-tests.md = docs\phase-4-testing\04-handler-tests.md
		docs\phase-4-testing\05-domain-tests.md = docs\phase-4-testing\05-domain-tests.md
	EndProjectSection
EndProject
Project("{FAE04EC0-301F-11D3-BF4B-00C04F79EFBC}") = "BuildingBlocks.Tests", "BuildingBlocks\BuildingBlocks.Tests\BuildingBlocks.Tests.csproj", "{8F55C869-990D-449F-8C83-F47D686BF06D}"
EndProject
Project("{2150E333-8FDC-42A3-9474-1A3956D46DE8}") = "phase-5-event-driven", "phase-5-event-driven", "{B60C9093-3B09-451F-B304-0FEB189EC6FB}"
	ProjectSection(SolutionItems) = preProject
		docs\phase-5-event-driven\01-event-driven-overview.md = docs\phase-5-event-driven\01-event-driven-overview.md
		docs\phase-5-event-driven\02-rabbitmq-masstransit-setup.md = docs\phase-5-event-driven\02-rabbitmq-masstransit-setup.md
		docs\phase-5-event-driven\03-integration-events.md = docs\phase-5-event-driven\03-integration-events.md
		docs\phase-5-event-driven\04-idempotency-error-handling.md = docs\phase-5-event-driven\04-idempotency-error-handling.md
		docs\phase-5-event-driven\05-sagas-orchestration.md = docs\phase-5-event-driven\05-sagas-orchestration.md
		docs\phase-5-event-driven\06-event-versioning.md = docs\phase-5-event-driven\06-event-versioning.md
	EndProjectSection
EndProject
Project("{2150E333-8FDC-42A3-9474-1A3956D46DE8}") = "04. Shared", "04. Shared", "{864C7D7F-7A10-4CD5-B358-C6EBE4A79957}"
EndProject
Project("{FAE04EC0-301F-11D3-BF4B-00C04F79EFBC}") = "IntegrationEvents", "Shared\IntegrationEvents\IntegrationEvents.csproj", "{E5BDBC41-F519-4868-B5C2-3CBC06C943C5}"
EndProject
Project("{FAE04EC0-301F-11D3-BF4B-00C04F79EFBC}") = "BuildingBlocks.Infrastructure.MassTransit", "BuildingBlocks\BuildingBlocks.Infrastructure.MassTransit\BuildingBlocks.Infrastructure.MassTransit.csproj", "{7ECAA534-DA19-4D17-B6C5-E69B415BD8A1}"
EndProject
Project("{FAE04EC0-301F-11D3-BF4B-00C04F79EFBC}") = "BuildingBlocks.Infrastructure.EfCore", "BuildingBlocks\BuildingBlocks.Infrastructure.EfCore\BuildingBlocks.Infrastructure.EfCore.csproj", "{D6138951-BF60-493D-99E8-13BD5571B5FF}"
EndProject
Project("{2150E333-8FDC-42A3-9474-1A3956D46DE8}") = "phase-6-integration", "phase-6-integration", "{F7A3C4B2-1D8E-4F5A-9B6C-2E3D4F5A6B7C}"
	ProjectSection(SolutionItems) = preProject
		docs\phase-6-integration\01-aspire-introduction.md = docs\phase-6-integration\01-aspire-introduction.md
		docs\phase-6-integration\02-aspire-setup.md = docs\phase-6-integration\02-aspire-setup.md
		docs\phase-6-integration\03-rabbitmq-with-aspire.md = docs\phase-6-integration\03-rabbitmq-with-aspire.md
		docs\phase-6-integration\04-billing-bounded-context.md = docs\phase-6-integration\04-billing-bounded-context.md
		docs\phase-6-integration\05-observability.md = docs\phase-6-integration\05-observability.md
		docs\phase-6-integration\06-api-gateway-optional.md = docs\phase-6-integration\06-api-gateway-optional.md
		docs\phase-6-integration\07-bff-pattern-optional.md = docs\phase-6-integration\07-bff-pattern-optional.md
	EndProjectSection
EndProject
Project("{FAE04EC0-301F-11D3-BF4B-00C04F79EFBC}") = "Aspire.ServiceDefaults", "ServiceDefaults\Aspire.ServiceDefaults.csproj", "{18392BD8-C37F-4942-861D-F7F19CB7AF2D}"
EndProject
Project("{FAE04EC0-301F-11D3-BF4B-00C04F79EFBC}") = "Aspire.AppHost", "Aspire.AppHost\Aspire.AppHost.csproj", "{8318BB27-ABB4-4940-8A40-84A9A94C4814}"
EndProject
Project("{2150E333-8FDC-42A3-9474-1A3956D46DE8}") = "Billing", "Billing", "{4E605ED7-C4B0-4942-BF58-9A2ACAF15414}"
EndProject
Project("{FAE04EC0-301F-11D3-BF4B-00C04F79EFBC}") = "Billing.Application", "Core\Billing\Billing.Application\Billing.Application.csproj", "{352D057A-FF42-452D-84CD-2ACD8285C5EA}"
EndProject
Project("{FAE04EC0-301F-11D3-BF4B-00C04F79EFBC}") = "Billing.Domain", "Core\Billing\Billing.Domain\Billing.Domain.csproj", "{6197986A-D220-42C5-89FC-42EAA8BF8AEA}"
EndProject
Project("{FAE04EC0-301F-11D3-BF4B-00C04F79EFBC}") = "Billing.Infrastructure", "Core\Billing\Billing.Infrastructure\Billing.Infrastructure.csproj", "{59287F43-F715-412A-BB16-BE54AD500750}"
EndProject
Project("{FAE04EC0-301F-11D3-BF4B-00C04F79EFBC}") = "Billing.Tests", "Core\Billing\Billing.Tests\Billing.Tests.csproj", "{68D7AFD1-E09A-4F88-AB8A-6F75B270CF5A}"
EndProject
Project("{FAE04EC0-301F-11D3-BF4B-00C04F79EFBC}") = "Billing.WebApi", "WebApplications\Billing.WebApi\Billing.WebApi.csproj", "{14E2E34C-78C2-6C6C-543E-1C25AACF1B22}"
EndProject
Global
	GlobalSection(SolutionConfigurationPlatforms) = preSolution
		Debug|Any CPU = Debug|Any CPU
		Debug|x64 = Debug|x64
		Debug|x86 = Debug|x86
		Release|Any CPU = Release|Any CPU
		Release|x64 = Release|x64
		Release|x86 = Release|x86
	EndGlobalSection
	GlobalSection(ProjectConfigurationPlatforms) = postSolution
		{78DC4CAF-D583-4718-BAA4-5A473F16CB6A}.Debug|Any CPU.ActiveCfg = Debug|Any CPU
		{78DC4CAF-D583-4718-BAA4-5A473F16CB6A}.Debug|Any CPU.Build.0 = Debug|Any CPU
		{78DC4CAF-D583-4718-BAA4-5A473F16CB6A}.Debug|x64.ActiveCfg = Debug|Any CPU
		{78DC4CAF-D583-4718-BAA4-5A473F16CB6A}.Debug|x64.Build.0 = Debug|Any CPU
		{78DC4CAF-D583-4718-BAA4-5A473F16CB6A}.Debug|x86.ActiveCfg = Debug|Any CPU
		{78DC4CAF-D583-4718-BAA4-5A473F16CB6A}.Debug|x86.Build.0 = Debug|Any CPU
		{78DC4CAF-D583-4718-BAA4-5A473F16CB6A}.Release|Any CPU.ActiveCfg = Release|Any CPU
		{78DC4CAF-D583-4718-BAA4-5A473F16CB6A}.Release|Any CPU.Build.0 = Release|Any CPU
		{78DC4CAF-D583-4718-BAA4-5A473F16CB6A}.Release|x64.ActiveCfg = Release|Any CPU
		{78DC4CAF-D583-4718-BAA4-5A473F16CB6A}.Release|x64.Build.0 = Release|Any CPU
		{78DC4CAF-D583-4718-BAA4-5A473F16CB6A}.Release|x86.ActiveCfg = Release|Any CPU
		{78DC4CAF-D583-4718-BAA4-5A473F16CB6A}.Release|x86.Build.0 = Release|Any CPU
		{08DC1384-D50C-4401-A047-B218EC50D37F}.Debug|Any CPU.ActiveCfg = Debug|Any CPU
		{08DC1384-D50C-4401-A047-B218EC50D37F}.Debug|Any CPU.Build.0 = Debug|Any CPU
		{08DC1384-D50C-4401-A047-B218EC50D37F}.Debug|x64.ActiveCfg = Debug|Any CPU
		{08DC1384-D50C-4401-A047-B218EC50D37F}.Debug|x64.Build.0 = Debug|Any CPU
		{08DC1384-D50C-4401-A047-B218EC50D37F}.Debug|x86.ActiveCfg = Debug|Any CPU
		{08DC1384-D50C-4401-A047-B218EC50D37F}.Debug|x86.Build.0 = Debug|Any CPU
		{08DC1384-D50C-4401-A047-B218EC50D37F}.Release|Any CPU.ActiveCfg = Release|Any CPU
		{08DC1384-D50C-4401-A047-B218EC50D37F}.Release|Any CPU.Build.0 = Release|Any CPU
		{08DC1384-D50C-4401-A047-B218EC50D37F}.Release|x64.ActiveCfg = Release|Any CPU
		{08DC1384-D50C-4401-A047-B218EC50D37F}.Release|x64.Build.0 = Release|Any CPU
		{08DC1384-D50C-4401-A047-B218EC50D37F}.Release|x86.ActiveCfg = Release|Any CPU
		{08DC1384-D50C-4401-A047-B218EC50D37F}.Release|x86.Build.0 = Release|Any CPU
		{03BF8933-9227-4E25-93F7-EFCF61D40F2A}.Debug|Any CPU.ActiveCfg = Debug|Any CPU
		{03BF8933-9227-4E25-93F7-EFCF61D40F2A}.Debug|Any CPU.Build.0 = Debug|Any CPU
		{03BF8933-9227-4E25-93F7-EFCF61D40F2A}.Debug|x64.ActiveCfg = Debug|Any CPU
		{03BF8933-9227-4E25-93F7-EFCF61D40F2A}.Debug|x64.Build.0 = Debug|Any CPU
		{03BF8933-9227-4E25-93F7-EFCF61D40F2A}.Debug|x86.ActiveCfg = Debug|Any CPU
		{03BF8933-9227-4E25-93F7-EFCF61D40F2A}.Debug|x86.Build.0 = Debug|Any CPU
		{03BF8933-9227-4E25-93F7-EFCF61D40F2A}.Release|Any CPU.ActiveCfg = Release|Any CPU
		{03BF8933-9227-4E25-93F7-EFCF61D40F2A}.Release|Any CPU.Build.0 = Release|Any CPU
		{03BF8933-9227-4E25-93F7-EFCF61D40F2A}.Release|x64.ActiveCfg = Release|Any CPU
		{03BF8933-9227-4E25-93F7-EFCF61D40F2A}.Release|x64.Build.0 = Release|Any CPU
		{03BF8933-9227-4E25-93F7-EFCF61D40F2A}.Release|x86.ActiveCfg = Release|Any CPU
		{03BF8933-9227-4E25-93F7-EFCF61D40F2A}.Release|x86.Build.0 = Release|Any CPU
		{2454703A-6215-4702-B7DC-D2C009070716}.Debug|Any CPU.ActiveCfg = Debug|Any CPU
		{2454703A-6215-4702-B7DC-D2C009070716}.Debug|Any CPU.Build.0 = Debug|Any CPU
		{2454703A-6215-4702-B7DC-D2C009070716}.Debug|x64.ActiveCfg = Debug|Any CPU
		{2454703A-6215-4702-B7DC-D2C009070716}.Debug|x64.Build.0 = Debug|Any CPU
		{2454703A-6215-4702-B7DC-D2C009070716}.Debug|x86.ActiveCfg = Debug|Any CPU
		{2454703A-6215-4702-B7DC-D2C009070716}.Debug|x86.Build.0 = Debug|Any CPU
		{2454703A-6215-4702-B7DC-D2C009070716}.Release|Any CPU.ActiveCfg = Release|Any CPU
		{2454703A-6215-4702-B7DC-D2C009070716}.Release|Any CPU.Build.0 = Release|Any CPU
		{2454703A-6215-4702-B7DC-D2C009070716}.Release|x64.ActiveCfg = Release|Any CPU
		{2454703A-6215-4702-B7DC-D2C009070716}.Release|x64.Build.0 = Release|Any CPU
		{2454703A-6215-4702-B7DC-D2C009070716}.Release|x86.ActiveCfg = Release|Any CPU
		{2454703A-6215-4702-B7DC-D2C009070716}.Release|x86.Build.0 = Release|Any CPU
		{EEDD711C-854E-4353-9F0D-5E31CF2BC942}.Debug|Any CPU.ActiveCfg = Debug|Any CPU
		{EEDD711C-854E-4353-9F0D-5E31CF2BC942}.Debug|Any CPU.Build.0 = Debug|Any CPU
		{EEDD711C-854E-4353-9F0D-5E31CF2BC942}.Debug|x64.ActiveCfg = Debug|Any CPU
		{EEDD711C-854E-4353-9F0D-5E31CF2BC942}.Debug|x64.Build.0 = Debug|Any CPU
		{EEDD711C-854E-4353-9F0D-5E31CF2BC942}.Debug|x86.ActiveCfg = Debug|Any CPU
		{EEDD711C-854E-4353-9F0D-5E31CF2BC942}.Debug|x86.Build.0 = Debug|Any CPU
		{EEDD711C-854E-4353-9F0D-5E31CF2BC942}.Release|Any CPU.ActiveCfg = Release|Any CPU
		{EEDD711C-854E-4353-9F0D-5E31CF2BC942}.Release|Any CPU.Build.0 = Release|Any CPU
		{EEDD711C-854E-4353-9F0D-5E31CF2BC942}.Release|x64.ActiveCfg = Release|Any CPU
		{EEDD711C-854E-4353-9F0D-5E31CF2BC942}.Release|x64.Build.0 = Release|Any CPU
		{EEDD711C-854E-4353-9F0D-5E31CF2BC942}.Release|x86.ActiveCfg = Release|Any CPU
		{EEDD711C-854E-4353-9F0D-5E31CF2BC942}.Release|x86.Build.0 = Release|Any CPU
		{2EE74792-66D1-4280-B06A-19C04F36A210}.Debug|Any CPU.ActiveCfg = Debug|Any CPU
		{2EE74792-66D1-4280-B06A-19C04F36A210}.Debug|Any CPU.Build.0 = Debug|Any CPU
		{2EE74792-66D1-4280-B06A-19C04F36A210}.Debug|x64.ActiveCfg = Debug|Any CPU
		{2EE74792-66D1-4280-B06A-19C04F36A210}.Debug|x64.Build.0 = Debug|Any CPU
		{2EE74792-66D1-4280-B06A-19C04F36A210}.Debug|x86.ActiveCfg = Debug|Any CPU
		{2EE74792-66D1-4280-B06A-19C04F36A210}.Debug|x86.Build.0 = Debug|Any CPU
		{2EE74792-66D1-4280-B06A-19C04F36A210}.Release|Any CPU.ActiveCfg = Release|Any CPU
		{2EE74792-66D1-4280-B06A-19C04F36A210}.Release|Any CPU.Build.0 = Release|Any CPU
		{2EE74792-66D1-4280-B06A-19C04F36A210}.Release|x64.ActiveCfg = Release|Any CPU
		{2EE74792-66D1-4280-B06A-19C04F36A210}.Release|x64.Build.0 = Release|Any CPU
		{2EE74792-66D1-4280-B06A-19C04F36A210}.Release|x86.ActiveCfg = Release|Any CPU
		{2EE74792-66D1-4280-B06A-19C04F36A210}.Release|x86.Build.0 = Release|Any CPU
		{C4FB2241-6BB4-48E9-9A61-BDC83931319E}.Debug|Any CPU.ActiveCfg = Debug|Any CPU
		{C4FB2241-6BB4-48E9-9A61-BDC83931319E}.Debug|Any CPU.Build.0 = Debug|Any CPU
		{C4FB2241-6BB4-48E9-9A61-BDC83931319E}.Debug|x64.ActiveCfg = Debug|Any CPU
		{C4FB2241-6BB4-48E9-9A61-BDC83931319E}.Debug|x64.Build.0 = Debug|Any CPU
		{C4FB2241-6BB4-48E9-9A61-BDC83931319E}.Debug|x86.ActiveCfg = Debug|Any CPU
		{C4FB2241-6BB4-48E9-9A61-BDC83931319E}.Debug|x86.Build.0 = Debug|Any CPU
		{C4FB2241-6BB4-48E9-9A61-BDC83931319E}.Release|Any CPU.ActiveCfg = Release|Any CPU
		{C4FB2241-6BB4-48E9-9A61-BDC83931319E}.Release|Any CPU.Build.0 = Release|Any CPU
		{C4FB2241-6BB4-48E9-9A61-BDC83931319E}.Release|x64.ActiveCfg = Release|Any CPU
		{C4FB2241-6BB4-48E9-9A61-BDC83931319E}.Release|x64.Build.0 = Release|Any CPU
		{C4FB2241-6BB4-48E9-9A61-BDC83931319E}.Release|x86.ActiveCfg = Release|Any CPU
		{C4FB2241-6BB4-48E9-9A61-BDC83931319E}.Release|x86.Build.0 = Release|Any CPU
		{D9027A09-4193-4865-AF35-48426F7BC1B9}.Debug|Any CPU.ActiveCfg = Debug|Any CPU
		{D9027A09-4193-4865-AF35-48426F7BC1B9}.Debug|Any CPU.Build.0 = Debug|Any CPU
		{D9027A09-4193-4865-AF35-48426F7BC1B9}.Debug|x64.ActiveCfg = Debug|Any CPU
		{D9027A09-4193-4865-AF35-48426F7BC1B9}.Debug|x64.Build.0 = Debug|Any CPU
		{D9027A09-4193-4865-AF35-48426F7BC1B9}.Debug|x86.ActiveCfg = Debug|Any CPU
		{D9027A09-4193-4865-AF35-48426F7BC1B9}.Debug|x86.Build.0 = Debug|Any CPU
		{D9027A09-4193-4865-AF35-48426F7BC1B9}.Release|Any CPU.ActiveCfg = Release|Any CPU
		{D9027A09-4193-4865-AF35-48426F7BC1B9}.Release|Any CPU.Build.0 = Release|Any CPU
		{D9027A09-4193-4865-AF35-48426F7BC1B9}.Release|x64.ActiveCfg = Release|Any CPU
		{D9027A09-4193-4865-AF35-48426F7BC1B9}.Release|x64.Build.0 = Release|Any CPU
		{D9027A09-4193-4865-AF35-48426F7BC1B9}.Release|x86.ActiveCfg = Release|Any CPU
		{D9027A09-4193-4865-AF35-48426F7BC1B9}.Release|x86.Build.0 = Release|Any CPU
		{670B1385-E0DC-4409-A78C-43FFB338FBE4}.Debug|Any CPU.ActiveCfg = Debug|Any CPU
		{670B1385-E0DC-4409-A78C-43FFB338FBE4}.Debug|Any CPU.Build.0 = Debug|Any CPU
		{670B1385-E0DC-4409-A78C-43FFB338FBE4}.Debug|x64.ActiveCfg = Debug|Any CPU
		{670B1385-E0DC-4409-A78C-43FFB338FBE4}.Debug|x64.Build.0 = Debug|Any CPU
		{670B1385-E0DC-4409-A78C-43FFB338FBE4}.Debug|x86.ActiveCfg = Debug|Any CPU
		{670B1385-E0DC-4409-A78C-43FFB338FBE4}.Debug|x86.Build.0 = Debug|Any CPU
		{670B1385-E0DC-4409-A78C-43FFB338FBE4}.Release|Any CPU.ActiveCfg = Release|Any CPU
		{670B1385-E0DC-4409-A78C-43FFB338FBE4}.Release|Any CPU.Build.0 = Release|Any CPU
		{670B1385-E0DC-4409-A78C-43FFB338FBE4}.Release|x64.ActiveCfg = Release|Any CPU
		{670B1385-E0DC-4409-A78C-43FFB338FBE4}.Release|x64.Build.0 = Release|Any CPU
		{670B1385-E0DC-4409-A78C-43FFB338FBE4}.Release|x86.ActiveCfg = Release|Any CPU
		{670B1385-E0DC-4409-A78C-43FFB338FBE4}.Release|x86.Build.0 = Release|Any CPU
		{8F55C869-990D-449F-8C83-F47D686BF06D}.Debug|Any CPU.ActiveCfg = Debug|Any CPU
		{8F55C869-990D-449F-8C83-F47D686BF06D}.Debug|Any CPU.Build.0 = Debug|Any CPU
		{8F55C869-990D-449F-8C83-F47D686BF06D}.Debug|x64.ActiveCfg = Debug|Any CPU
		{8F55C869-990D-449F-8C83-F47D686BF06D}.Debug|x64.Build.0 = Debug|Any CPU
		{8F55C869-990D-449F-8C83-F47D686BF06D}.Debug|x86.ActiveCfg = Debug|Any CPU
		{8F55C869-990D-449F-8C83-F47D686BF06D}.Debug|x86.Build.0 = Debug|Any CPU
		{8F55C869-990D-449F-8C83-F47D686BF06D}.Release|Any CPU.ActiveCfg = Release|Any CPU
		{8F55C869-990D-449F-8C83-F47D686BF06D}.Release|Any CPU.Build.0 = Release|Any CPU
		{8F55C869-990D-449F-8C83-F47D686BF06D}.Release|x64.ActiveCfg = Release|Any CPU
		{8F55C869-990D-449F-8C83-F47D686BF06D}.Release|x64.Build.0 = Release|Any CPU
		{8F55C869-990D-449F-8C83-F47D686BF06D}.Release|x86.ActiveCfg = Release|Any CPU
		{8F55C869-990D-449F-8C83-F47D686BF06D}.Release|x86.Build.0 = Release|Any CPU
		{E5BDBC41-F519-4868-B5C2-3CBC06C943C5}.Debug|Any CPU.ActiveCfg = Debug|Any CPU
		{E5BDBC41-F519-4868-B5C2-3CBC06C943C5}.Debug|Any CPU.Build.0 = Debug|Any CPU
		{E5BDBC41-F519-4868-B5C2-3CBC06C943C5}.Debug|x64.ActiveCfg = Debug|Any CPU
		{E5BDBC41-F519-4868-B5C2-3CBC06C943C5}.Debug|x64.Build.0 = Debug|Any CPU
		{E5BDBC41-F519-4868-B5C2-3CBC06C943C5}.Debug|x86.ActiveCfg = Debug|Any CPU
		{E5BDBC41-F519-4868-B5C2-3CBC06C943C5}.Debug|x86.Build.0 = Debug|Any CPU
		{E5BDBC41-F519-4868-B5C2-3CBC06C943C5}.Release|Any CPU.ActiveCfg = Release|Any CPU
		{E5BDBC41-F519-4868-B5C2-3CBC06C943C5}.Release|Any CPU.Build.0 = Release|Any CPU
		{E5BDBC41-F519-4868-B5C2-3CBC06C943C5}.Release|x64.ActiveCfg = Release|Any CPU
		{E5BDBC41-F519-4868-B5C2-3CBC06C943C5}.Release|x64.Build.0 = Release|Any CPU
		{E5BDBC41-F519-4868-B5C2-3CBC06C943C5}.Release|x86.ActiveCfg = Release|Any CPU
		{E5BDBC41-F519-4868-B5C2-3CBC06C943C5}.Release|x86.Build.0 = Release|Any CPU
		{7ECAA534-DA19-4D17-B6C5-E69B415BD8A1}.Debug|Any CPU.ActiveCfg = Debug|Any CPU
		{7ECAA534-DA19-4D17-B6C5-E69B415BD8A1}.Debug|Any CPU.Build.0 = Debug|Any CPU
		{7ECAA534-DA19-4D17-B6C5-E69B415BD8A1}.Debug|x64.ActiveCfg = Debug|Any CPU
		{7ECAA534-DA19-4D17-B6C5-E69B415BD8A1}.Debug|x64.Build.0 = Debug|Any CPU
		{7ECAA534-DA19-4D17-B6C5-E69B415BD8A1}.Debug|x86.ActiveCfg = Debug|Any CPU
		{7ECAA534-DA19-4D17-B6C5-E69B415BD8A1}.Debug|x86.Build.0 = Debug|Any CPU
		{7ECAA534-DA19-4D17-B6C5-E69B415BD8A1}.Release|Any CPU.ActiveCfg = Release|Any CPU
		{7ECAA534-DA19-4D17-B6C5-E69B415BD8A1}.Release|Any CPU.Build.0 = Release|Any CPU
		{7ECAA534-DA19-4D17-B6C5-E69B415BD8A1}.Release|x64.ActiveCfg = Release|Any CPU
		{7ECAA534-DA19-4D17-B6C5-E69B415BD8A1}.Release|x64.Build.0 = Release|Any CPU
		{7ECAA534-DA19-4D17-B6C5-E69B415BD8A1}.Release|x86.ActiveCfg = Release|Any CPU
		{7ECAA534-DA19-4D17-B6C5-E69B415BD8A1}.Release|x86.Build.0 = Release|Any CPU
		{D6138951-BF60-493D-99E8-13BD5571B5FF}.Debug|Any CPU.ActiveCfg = Debug|Any CPU
		{D6138951-BF60-493D-99E8-13BD5571B5FF}.Debug|Any CPU.Build.0 = Debug|Any CPU
		{D6138951-BF60-493D-99E8-13BD5571B5FF}.Debug|x64.ActiveCfg = Debug|Any CPU
		{D6138951-BF60-493D-99E8-13BD5571B5FF}.Debug|x64.Build.0 = Debug|Any CPU
		{D6138951-BF60-493D-99E8-13BD5571B5FF}.Debug|x86.ActiveCfg = Debug|Any CPU
		{D6138951-BF60-493D-99E8-13BD5571B5FF}.Debug|x86.Build.0 = Debug|Any CPU
		{D6138951-BF60-493D-99E8-13BD5571B5FF}.Release|Any CPU.ActiveCfg = Release|Any CPU
		{D6138951-BF60-493D-99E8-13BD5571B5FF}.Release|Any CPU.Build.0 = Release|Any CPU
		{D6138951-BF60-493D-99E8-13BD5571B5FF}.Release|x64.ActiveCfg = Release|Any CPU
		{D6138951-BF60-493D-99E8-13BD5571B5FF}.Release|x64.Build.0 = Release|Any CPU
		{D6138951-BF60-493D-99E8-13BD5571B5FF}.Release|x86.ActiveCfg = Release|Any CPU
		{D6138951-BF60-493D-99E8-13BD5571B5FF}.Release|x86.Build.0 = Release|Any CPU
		{18392BD8-C37F-4942-861D-F7F19CB7AF2D}.Debug|Any CPU.ActiveCfg = Debug|Any CPU
		{18392BD8-C37F-4942-861D-F7F19CB7AF2D}.Debug|Any CPU.Build.0 = Debug|Any CPU
		{18392BD8-C37F-4942-861D-F7F19CB7AF2D}.Debug|x64.ActiveCfg = Debug|Any CPU
		{18392BD8-C37F-4942-861D-F7F19CB7AF2D}.Debug|x64.Build.0 = Debug|Any CPU
		{18392BD8-C37F-4942-861D-F7F19CB7AF2D}.Debug|x86.ActiveCfg = Debug|Any CPU
		{18392BD8-C37F-4942-861D-F7F19CB7AF2D}.Debug|x86.Build.0 = Debug|Any CPU
		{18392BD8-C37F-4942-861D-F7F19CB7AF2D}.Release|Any CPU.ActiveCfg = Release|Any CPU
		{18392BD8-C37F-4942-861D-F7F19CB7AF2D}.Release|Any CPU.Build.0 = Release|Any CPU
		{18392BD8-C37F-4942-861D-F7F19CB7AF2D}.Release|x64.ActiveCfg = Release|Any CPU
		{18392BD8-C37F-4942-861D-F7F19CB7AF2D}.Release|x64.Build.0 = Release|Any CPU
		{18392BD8-C37F-4942-861D-F7F19CB7AF2D}.Release|x86.ActiveCfg = Release|Any CPU
		{18392BD8-C37F-4942-861D-F7F19CB7AF2D}.Release|x86.Build.0 = Release|Any CPU
		{8318BB27-ABB4-4940-8A40-84A9A94C4814}.Debug|Any CPU.ActiveCfg = Debug|Any CPU
		{8318BB27-ABB4-4940-8A40-84A9A94C4814}.Debug|Any CPU.Build.0 = Debug|Any CPU
		{8318BB27-ABB4-4940-8A40-84A9A94C4814}.Debug|x64.ActiveCfg = Debug|Any CPU
		{8318BB27-ABB4-4940-8A40-84A9A94C4814}.Debug|x64.Build.0 = Debug|Any CPU
		{8318BB27-ABB4-4940-8A40-84A9A94C4814}.Debug|x86.ActiveCfg = Debug|Any CPU
		{8318BB27-ABB4-4940-8A40-84A9A94C4814}.Debug|x86.Build.0 = Debug|Any CPU
		{8318BB27-ABB4-4940-8A40-84A9A94C4814}.Release|Any CPU.ActiveCfg = Release|Any CPU
		{8318BB27-ABB4-4940-8A40-84A9A94C4814}.Release|Any CPU.Build.0 = Release|Any CPU
		{8318BB27-ABB4-4940-8A40-84A9A94C4814}.Release|x64.ActiveCfg = Release|Any CPU
		{8318BB27-ABB4-4940-8A40-84A9A94C4814}.Release|x64.Build.0 = Release|Any CPU
		{8318BB27-ABB4-4940-8A40-84A9A94C4814}.Release|x86.ActiveCfg = Release|Any CPU
		{8318BB27-ABB4-4940-8A40-84A9A94C4814}.Release|x86.Build.0 = Release|Any CPU
		{352D057A-FF42-452D-84CD-2ACD8285C5EA}.Debug|Any CPU.ActiveCfg = Debug|Any CPU
		{352D057A-FF42-452D-84CD-2ACD8285C5EA}.Debug|Any CPU.Build.0 = Debug|Any CPU
		{352D057A-FF42-452D-84CD-2ACD8285C5EA}.Debug|x64.ActiveCfg = Debug|Any CPU
		{352D057A-FF42-452D-84CD-2ACD8285C5EA}.Debug|x64.Build.0 = Debug|Any CPU
		{352D057A-FF42-452D-84CD-2ACD8285C5EA}.Debug|x86.ActiveCfg = Debug|Any CPU
		{352D057A-FF42-452D-84CD-2ACD8285C5EA}.Debug|x86.Build.0 = Debug|Any CPU
		{352D057A-FF42-452D-84CD-2ACD8285C5EA}.Release|Any CPU.ActiveCfg = Release|Any CPU
		{352D057A-FF42-452D-84CD-2ACD8285C5EA}.Release|Any CPU.Build.0 = Release|Any CPU
		{352D057A-FF42-452D-84CD-2ACD8285C5EA}.Release|x64.ActiveCfg = Release|Any CPU
		{352D057A-FF42-452D-84CD-2ACD8285C5EA}.Release|x64.Build.0 = Release|Any CPU
		{352D057A-FF42-452D-84CD-2ACD8285C5EA}.Release|x86.ActiveCfg = Release|Any CPU
		{352D057A-FF42-452D-84CD-2ACD8285C5EA}.Release|x86.Build.0 = Release|Any CPU
		{6197986A-D220-42C5-89FC-42EAA8BF8AEA}.Debug|Any CPU.ActiveCfg = Debug|Any CPU
		{6197986A-D220-42C5-89FC-42EAA8BF8AEA}.Debug|Any CPU.Build.0 = Debug|Any CPU
		{6197986A-D220-42C5-89FC-42EAA8BF8AEA}.Debug|x64.ActiveCfg = Debug|Any CPU
		{6197986A-D220-42C5-89FC-42EAA8BF8AEA}.Debug|x64.Build.0 = Debug|Any CPU
		{6197986A-D220-42C5-89FC-42EAA8BF8AEA}.Debug|x86.ActiveCfg = Debug|Any CPU
		{6197986A-D220-42C5-89FC-42EAA8BF8AEA}.Debug|x86.Build.0 = Debug|Any CPU
		{6197986A-D220-42C5-89FC-42EAA8BF8AEA}.Release|Any CPU.ActiveCfg = Release|Any CPU
		{6197986A-D220-42C5-89FC-42EAA8BF8AEA}.Release|Any CPU.Build.0 = Release|Any CPU
		{6197986A-D220-42C5-89FC-42EAA8BF8AEA}.Release|x64.ActiveCfg = Release|Any CPU
		{6197986A-D220-42C5-89FC-42EAA8BF8AEA}.Release|x64.Build.0 = Release|Any CPU
		{6197986A-D220-42C5-89FC-42EAA8BF8AEA}.Release|x86.ActiveCfg = Release|Any CPU
		{6197986A-D220-42C5-89FC-42EAA8BF8AEA}.Release|x86.Build.0 = Release|Any CPU
		{59287F43-F715-412A-BB16-BE54AD500750}.Debug|Any CPU.ActiveCfg = Debug|Any CPU
		{59287F43-F715-412A-BB16-BE54AD500750}.Debug|Any CPU.Build.0 = Debug|Any CPU
		{59287F43-F715-412A-BB16-BE54AD500750}.Debug|x64.ActiveCfg = Debug|Any CPU
		{59287F43-F715-412A-BB16-BE54AD500750}.Debug|x64.Build.0 = Debug|Any CPU
		{59287F43-F715-412A-BB16-BE54AD500750}.Debug|x86.ActiveCfg = Debug|Any CPU
		{59287F43-F715-412A-BB16-BE54AD500750}.Debug|x86.Build.0 = Debug|Any CPU
		{59287F43-F715-412A-BB16-BE54AD500750}.Release|Any CPU.ActiveCfg = Release|Any CPU
		{59287F43-F715-412A-BB16-BE54AD500750}.Release|Any CPU.Build.0 = Release|Any CPU
		{59287F43-F715-412A-BB16-BE54AD500750}.Release|x64.ActiveCfg = Release|Any CPU
		{59287F43-F715-412A-BB16-BE54AD500750}.Release|x64.Build.0 = Release|Any CPU
		{59287F43-F715-412A-BB16-BE54AD500750}.Release|x86.ActiveCfg = Release|Any CPU
		{59287F43-F715-412A-BB16-BE54AD500750}.Release|x86.Build.0 = Release|Any CPU
		{68D7AFD1-E09A-4F88-AB8A-6F75B270CF5A}.Debug|Any CPU.ActiveCfg = Debug|Any CPU
		{68D7AFD1-E09A-4F88-AB8A-6F75B270CF5A}.Debug|Any CPU.Build.0 = Debug|Any CPU
		{68D7AFD1-E09A-4F88-AB8A-6F75B270CF5A}.Debug|x64.ActiveCfg = Debug|Any CPU
		{68D7AFD1-E09A-4F88-AB8A-6F75B270CF5A}.Debug|x64.Build.0 = Debug|Any CPU
		{68D7AFD1-E09A-4F88-AB8A-6F75B270CF5A}.Debug|x86.ActiveCfg = Debug|Any CPU
		{68D7AFD1-E09A-4F88-AB8A-6F75B270CF5A}.Debug|x86.Build.0 = Debug|Any CPU
		{68D7AFD1-E09A-4F88-AB8A-6F75B270CF5A}.Release|Any CPU.ActiveCfg = Release|Any CPU
		{68D7AFD1-E09A-4F88-AB8A-6F75B270CF5A}.Release|Any CPU.Build.0 = Release|Any CPU
		{68D7AFD1-E09A-4F88-AB8A-6F75B270CF5A}.Release|x64.ActiveCfg = Release|Any CPU
		{68D7AFD1-E09A-4F88-AB8A-6F75B270CF5A}.Release|x64.Build.0 = Release|Any CPU
		{68D7AFD1-E09A-4F88-AB8A-6F75B270CF5A}.Release|x86.ActiveCfg = Release|Any CPU
		{68D7AFD1-E09A-4F88-AB8A-6F75B270CF5A}.Release|x86.Build.0 = Release|Any CPU
		{14E2E34C-78C2-6C6C-543E-1C25AACF1B22}.Debug|Any CPU.ActiveCfg = Debug|Any CPU
		{14E2E34C-78C2-6C6C-543E-1C25AACF1B22}.Debug|Any CPU.Build.0 = Debug|Any CPU
		{14E2E34C-78C2-6C6C-543E-1C25AACF1B22}.Debug|x64.ActiveCfg = Debug|Any CPU
		{14E2E34C-78C2-6C6C-543E-1C25AACF1B22}.Debug|x64.Build.0 = Debug|Any CPU
		{14E2E34C-78C2-6C6C-543E-1C25AACF1B22}.Debug|x86.ActiveCfg = Debug|Any CPU
		{14E2E34C-78C2-6C6C-543E-1C25AACF1B22}.Debug|x86.Build.0 = Debug|Any CPU
		{14E2E34C-78C2-6C6C-543E-1C25AACF1B22}.Release|Any CPU.ActiveCfg = Release|Any CPU
		{14E2E34C-78C2-6C6C-543E-1C25AACF1B22}.Release|Any CPU.Build.0 = Release|Any CPU
		{14E2E34C-78C2-6C6C-543E-1C25AACF1B22}.Release|x64.ActiveCfg = Release|Any CPU
		{14E2E34C-78C2-6C6C-543E-1C25AACF1B22}.Release|x64.Build.0 = Release|Any CPU
		{14E2E34C-78C2-6C6C-543E-1C25AACF1B22}.Release|x86.ActiveCfg = Release|Any CPU
		{14E2E34C-78C2-6C6C-543E-1C25AACF1B22}.Release|x86.Build.0 = Release|Any CPU
	EndGlobalSection
	GlobalSection(SolutionProperties) = preSolution
		HideSolutionNode = FALSE
	EndGlobalSection
	GlobalSection(NestedProjects) = preSolution
		{78DC4CAF-D583-4718-BAA4-5A473F16CB6A} = {15F7541A-A2C7-4300-B7AF-2C819BDFD4C1}
		{08DC1384-D50C-4401-A047-B218EC50D37F} = {15F7541A-A2C7-4300-B7AF-2C819BDFD4C1}
		{03BF8933-9227-4E25-93F7-EFCF61D40F2A} = {15F7541A-A2C7-4300-B7AF-2C819BDFD4C1}
		{2454703A-6215-4702-B7DC-D2C009070716} = {15F7541A-A2C7-4300-B7AF-2C819BDFD4C1}
		{DB9E21D1-9119-45F7-91DC-A5B086CEC66B} = {68ECA03B-0FF4-4C25-A648-C83FCB98C045}
		{15F7541A-A2C7-4300-B7AF-2C819BDFD4C1} = {03A6EEB5-10D2-1CFD-26D6-60D98C6C0462}
		{E8F73E0B-3AE9-4E9C-88BD-6C2E25A84D39} = {68ECA03B-0FF4-4C25-A648-C83FCB98C045}
		{EEDD711C-854E-4353-9F0D-5E31CF2BC942} = {02EA681E-C7D8-13C7-8484-4AC65E1B71E8}
		{2EE74792-66D1-4280-B06A-19C04F36A210} = {7266C4A9-E384-DC00-0EB6-47F6002CFBA7}
		{45B154D6-5C08-43A0-BA04-A5D8F2F45418} = {68ECA03B-0FF4-4C25-A648-C83FCB98C045}
		{C4FB2241-6BB4-48E9-9A61-BDC83931319E} = {7266C4A9-E384-DC00-0EB6-47F6002CFBA7}
		{D9027A09-4193-4865-AF35-48426F7BC1B9} = {7266C4A9-E384-DC00-0EB6-47F6002CFBA7}
		{670B1385-E0DC-4409-A78C-43FFB338FBE4} = {7266C4A9-E384-DC00-0EB6-47F6002CFBA7}
		{4D6C5961-0651-4312-97B2-732460FCAAEA} = {68ECA03B-0FF4-4C25-A648-C83FCB98C045}
		{8F55C869-990D-449F-8C83-F47D686BF06D} = {7266C4A9-E384-DC00-0EB6-47F6002CFBA7}
		{B60C9093-3B09-451F-B304-0FEB189EC6FB} = {68ECA03B-0FF4-4C25-A648-C83FCB98C045}
		{E5BDBC41-F519-4868-B5C2-3CBC06C943C5} = {864C7D7F-7A10-4CD5-B358-C6EBE4A79957}
		{7ECAA534-DA19-4D17-B6C5-E69B415BD8A1} = {7266C4A9-E384-DC00-0EB6-47F6002CFBA7}
		{D6138951-BF60-493D-99E8-13BD5571B5FF} = {7266C4A9-E384-DC00-0EB6-47F6002CFBA7}
		{F7A3C4B2-1D8E-4F5A-9B6C-2E3D4F5A6B7C} = {68ECA03B-0FF4-4C25-A648-C83FCB98C045}
		{4E605ED7-C4B0-4942-BF58-9A2ACAF15414} = {03A6EEB5-10D2-1CFD-26D6-60D98C6C0462}
		{352D057A-FF42-452D-84CD-2ACD8285C5EA} = {4E605ED7-C4B0-4942-BF58-9A2ACAF15414}
		{6197986A-D220-42C5-89FC-42EAA8BF8AEA} = {4E605ED7-C4B0-4942-BF58-9A2ACAF15414}
		{59287F43-F715-412A-BB16-BE54AD500750} = {4E605ED7-C4B0-4942-BF58-9A2ACAF15414}
		{68D7AFD1-E09A-4F88-AB8A-6F75B270CF5A} = {4E605ED7-C4B0-4942-BF58-9A2ACAF15414}
		{14E2E34C-78C2-6C6C-543E-1C25AACF1B22} = {02EA681E-C7D8-13C7-8484-4AC65E1B71E8}
	EndGlobalSection
	GlobalSection(ExtensibilityGlobals) = postSolution
		SolutionGuid = {C211A4F3-E9B4-4BC3-9EE5-6536CAAF6F04}
	EndGlobalSection
EndGlobal
